
Microsoft Visual Studio Solution File, Format Version 12.00
# Visual Studio 15
VisualStudioVersion = 15.0.27428.1
MinimumVisualStudioVersion = 10.0.40219.1
Project("{9A19103F-16F7-4668-BE54-9A1E7A4F7556}") = "Session07.Exam", "Session07.Exam.csproj", "{001BA0F1-8B27-460C-B3F4-A0EC7A90A375}"
EndProject
Global
	GlobalSection(SolutionConfigurationPlatforms) = preSolution
		Debug|Any CPU = Debug|Any CPU
		Release|Any CPU = Release|Any CPU
	EndGlobalSection
	GlobalSection(ProjectConfigurationPlatforms) = postSolution
		{001BA0F1-8B27-460C-B3F4-A0EC7A90A375}.Debug|Any CPU.ActiveCfg = Debug|Any CPU
		{001BA0F1-8B27-460C-B3F4-A0EC7A90A375}.Debug|Any CPU.Build.0 = Debug|Any CPU
		{001BA0F1-8B27-460C-B3F4-A0EC7A90A375}.Release|Any CPU.ActiveCfg = Release|Any CPU
		{001BA0F1-8B27-460C-B3F4-A0EC7A90A375}.Release|Any CPU.Build.0 = Release|Any CPU
	EndGlobalSection
	GlobalSection(SolutionProperties) = preSolution
		HideSolutionNode = FALSE
	EndGlobalSection
	GlobalSection(ExtensibilityGlobals) = postSolution
		SolutionGuid = {E7D765A6-0CF8-4E72-8EDC-2B9E276E222B}
	EndGlobalSection
EndGlobal
